
Microsoft Visual Studio Solution File, Format Version 12.00
# Visual Studio Version 17
VisualStudioVersion = 17.0.31903.59
MinimumVisualStudioVersion = 10.0.40219.1
Project("{FAE04EC0-301F-11D3-BF4B-00C04F79EFBC}") = "API", "API\API.csproj", "{F63FE361-F939-4F1E-A8B4-485CA7D17F19}"
EndProject
Project("{FAE04EC0-301F-11D3-BF4B-00C04F79EFBC}") = "Application", "Application\Application.csproj", "{3F131082-4C11-4890-9F1A-7894A75FEF4D}"
EndProject
Project("{FAE04EC0-301F-11D3-BF4B-00C04F79EFBC}") = "Domain", "Domain\Domain.csproj", "{F666D2F1-4AA2-41BF-A0D2-A8C7CF9754C9}"
EndProject
Project("{FAE04EC0-301F-11D3-BF4B-00C04F79EFBC}") = "Persistence", "Persistence\Persistence.csproj", "{CBB592AC-C03D-4035-BCD8-2942917EA9D1}"
EndProject
Global
	GlobalSection(SolutionConfigurationPlatforms) = preSolution
		Debug|Any CPU = Debug|Any CPU
		Debug|x64 = Debug|x64
		Debug|x86 = Debug|x86
		Release|Any CPU = Release|Any CPU
		Release|x64 = Release|x64
		Release|x86 = Release|x86
	EndGlobalSection
	GlobalSection(ProjectConfigurationPlatforms) = postSolution
		{F63FE361-F939-4F1E-A8B4-485CA7D17F19}.Debug|Any CPU.ActiveCfg = Debug|Any CPU
		{F63FE361-F939-4F1E-A8B4-485CA7D17F19}.Debug|Any CPU.Build.0 = Debug|Any CPU
		{F63FE361-F939-4F1E-A8B4-485CA7D17F19}.Debug|x64.ActiveCfg = Debug|Any CPU
		{F63FE361-F939-4F1E-A8B4-485CA7D17F19}.Debug|x64.Build.0 = Debug|Any CPU
		{F63FE361-F939-4F1E-A8B4-485CA7D17F19}.Debug|x86.ActiveCfg = Debug|Any CPU
		{F63FE361-F939-4F1E-A8B4-485CA7D17F19}.Debug|x86.Build.0 = Debug|Any CPU
		{F63FE361-F939-4F1E-A8B4-485CA7D17F19}.Release|Any CPU.ActiveCfg = Release|Any CPU
		{F63FE361-F939-4F1E-A8B4-485CA7D17F19}.Release|Any CPU.Build.0 = Release|Any CPU
		{F63FE361-F939-4F1E-A8B4-485CA7D17F19}.Release|x64.ActiveCfg = Release|Any CPU
		{F63FE361-F939-4F1E-A8B4-485CA7D17F19}.Release|x64.Build.0 = Release|Any CPU
		{F63FE361-F939-4F1E-A8B4-485CA7D17F19}.Release|x86.ActiveCfg = Release|Any CPU
		{F63FE361-F939-4F1E-A8B4-485CA7D17F19}.Release|x86.Build.0 = Release|Any CPU
		{3F131082-4C11-4890-9F1A-7894A75FEF4D}.Debug|Any CPU.ActiveCfg = Debug|Any CPU
		{3F131082-4C11-4890-9F1A-7894A75FEF4D}.Debug|Any CPU.Build.0 = Debug|Any CPU
		{3F131082-4C11-4890-9F1A-7894A75FEF4D}.Debug|x64.ActiveCfg = Debug|Any CPU
		{3F131082-4C11-4890-9F1A-7894A75FEF4D}.Debug|x64.Build.0 = Debug|Any CPU
		{3F131082-4C11-4890-9F1A-7894A75FEF4D}.Debug|x86.ActiveCfg = Debug|Any CPU
		{3F131082-4C11-4890-9F1A-7894A75FEF4D}.Debug|x86.Build.0 = Debug|Any CPU
		{3F131082-4C11-4890-9F1A-7894A75FEF4D}.Release|Any CPU.ActiveCfg = Release|Any CPU
		{3F131082-4C11-4890-9F1A-7894A75FEF4D}.Release|Any CPU.Build.0 = Release|Any CPU
		{3F131082-4C11-4890-9F1A-7894A75FEF4D}.Release|x64.ActiveCfg = Release|Any CPU
		{3F131082-4C11-4890-9F1A-7894A75FEF4D}.Release|x64.Build.0 = Release|Any CPU
		{3F131082-4C11-4890-9F1A-7894A75FEF4D}.Release|x86.ActiveCfg = Release|Any CPU
		{3F131082-4C11-4890-9F1A-7894A75FEF4D}.Release|x86.Build.0 = Release|Any CPU
		{F666D2F1-4AA2-41BF-A0D2-A8C7CF9754C9}.Debug|Any CPU.ActiveCfg = Debug|Any CPU
		{F666D2F1-4AA2-41BF-A0D2-A8C7CF9754C9}.Debug|Any CPU.Build.0 = Debug|Any CPU
		{F666D2F1-4AA2-41BF-A0D2-A8C7CF9754C9}.Debug|x64.ActiveCfg = Debug|Any CPU
		{F666D2F1-4AA2-41BF-A0D2-A8C7CF9754C9}.Debug|x64.Build.0 = Debug|Any CPU
		{F666D2F1-4AA2-41BF-A0D2-A8C7CF9754C9}.Debug|x86.ActiveCfg = Debug|Any CPU
		{F666D2F1-4AA2-41BF-A0D2-A8C7CF9754C9}.Debug|x86.Build.0 = Debug|Any CPU
		{F666D2F1-4AA2-41BF-A0D2-A8C7CF9754C9}.Release|Any CPU.ActiveCfg = Release|Any CPU
		{F666D2F1-4AA2-41BF-A0D2-A8C7CF9754C9}.Release|Any CPU.Build.0 = Release|Any CPU
		{F666D2F1-4AA2-41BF-A0D2-A8C7CF9754C9}.Release|x64.ActiveCfg = Release|Any CPU
		{F666D2F1-4AA2-41BF-A0D2-A8C7CF9754C9}.Release|x64.Build.0 = Release|Any CPU
		{F666D2F1-4AA2-41BF-A0D2-A8C7CF9754C9}.Release|x86.ActiveCfg = Release|Any CPU
		{F666D2F1-4AA2-41BF-A0D2-A8C7CF9754C9}.Release|x86.Build.0 = Release|Any CPU
		{CBB592AC-C03D-4035-BCD8-2942917EA9D1}.Debug|Any CPU.ActiveCfg = Debug|Any CPU
		{CBB592AC-C03D-4035-BCD8-2942917EA9D1}.Debug|Any CPU.Build.0 = Debug|Any CPU
		{CBB592AC-C03D-4035-BCD8-2942917EA9D1}.Debug|x64.ActiveCfg = Debug|Any CPU
		{CBB592AC-C03D-4035-BCD8-2942917EA9D1}.Debug|x64.Build.0 = Debug|Any CPU
		{CBB592AC-C03D-4035-BCD8-2942917EA9D1}.Debug|x86.ActiveCfg = Debug|Any CPU
		{CBB592AC-C03D-4035-BCD8-2942917EA9D1}.Debug|x86.Build.0 = Debug|Any CPU
		{CBB592AC-C03D-4035-BCD8-2942917EA9D1}.Release|Any CPU.ActiveCfg = Release|Any CPU
		{CBB592AC-C03D-4035-BCD8-2942917EA9D1}.Release|Any CPU.Build.0 = Release|Any CPU
		{CBB592AC-C03D-4035-BCD8-2942917EA9D1}.Release|x64.ActiveCfg = Release|Any CPU
		{CBB592AC-C03D-4035-BCD8-2942917EA9D1}.Release|x64.Build.0 = Release|Any CPU
		{CBB592AC-C03D-4035-BCD8-2942917EA9D1}.Release|x86.ActiveCfg = Release|Any CPU
		{CBB592AC-C03D-4035-BCD8-2942917EA9D1}.Release|x86.Build.0 = Release|Any CPU
	EndGlobalSection
	GlobalSection(SolutionProperties) = preSolution
		HideSolutionNode = FALSE
	EndGlobalSection
EndGlobal
